
Microsoft Visual Studio Solution File, Format Version 12.00
# Visual Studio 2017
Project("{FAE04EC0-301F-11D3-BF4B-00C04F79EFBC}") = "TS_tuto1.Plugins", "TS_tuto1.Plugins.csproj", "{CC79E17E-42DF-F137-8450-1517D3772F69}"
EndProject
Project("{FAE04EC0-301F-11D3-BF4B-00C04F79EFBC}") = "TS_tuto1", "TS_tuto1.csproj", "{131CCFC2-CAA1-816E-D65F-7619F952374F}"
EndProject
Project("{FAE04EC0-301F-11D3-BF4B-00C04F79EFBC}") = "TS_tuto1.Editor", "TS_tuto1.Editor.csproj", "{180F53F0-A348-43CE-52E6-F14E7EF722FE}"
EndProject
Global
	GlobalSection(SolutionConfigurationPlatforms) = preSolution
		Debug|Any CPU = Debug|Any CPU
		Release|Any CPU = Release|Any CPU
	EndGlobalSection
	GlobalSection(ProjectConfigurationPlatforms) = postSolution
		{CC79E17E-42DF-F137-8450-1517D3772F69}.Debug|Any CPU.ActiveCfg = Debug|Any CPU
		{CC79E17E-42DF-F137-8450-1517D3772F69}.Debug|Any CPU.Build.0 = Debug|Any CPU
		{CC79E17E-42DF-F137-8450-1517D3772F69}.Release|Any CPU.ActiveCfg = Release|Any CPU
		{CC79E17E-42DF-F137-8450-1517D3772F69}.Release|Any CPU.Build.0 = Release|Any CPU
		{131CCFC2-CAA1-816E-D65F-7619F952374F}.Debug|Any CPU.ActiveCfg = Debug|Any CPU
		{131CCFC2-CAA1-816E-D65F-7619F952374F}.Debug|Any CPU.Build.0 = Debug|Any CPU
		{131CCFC2-CAA1-816E-D65F-7619F952374F}.Release|Any CPU.ActiveCfg = Release|Any CPU
		{131CCFC2-CAA1-816E-D65F-7619F952374F}.Release|Any CPU.Build.0 = Release|Any CPU
		{180F53F0-A348-43CE-52E6-F14E7EF722FE}.Debug|Any CPU.ActiveCfg = Debug|Any CPU
		{180F53F0-A348-43CE-52E6-F14E7EF722FE}.Debug|Any CPU.Build.0 = Debug|Any CPU
		{180F53F0-A348-43CE-52E6-F14E7EF722FE}.Release|Any CPU.ActiveCfg = Release|Any CPU
		{180F53F0-A348-43CE-52E6-F14E7EF722FE}.Release|Any CPU.Build.0 = Release|Any CPU
	EndGlobalSection
	GlobalSection(SolutionProperties) = preSolution
		HideSolutionNode = FALSE
	EndGlobalSection
EndGlobal
